// !$*UTF8*$!
{
	archiveVersion = 1;
	classes = {
	};
	objectVersion = 50;
	objects = {

/* Begin PBXBuildFile section */
		5B61F0292094CD9900EA151C /* PropertyStoring.swift in Sources */ = {isa = PBXBuildFile; fileRef = 5B61F0282094CD9900EA151C /* PropertyStoring.swift */; };
		5BFA0B8D2093A11500BDDD71 /* AppDelegate.swift in Sources */ = {isa = PBXBuildFile; fileRef = 5BFA0B8C2093A11500BDDD71 /* AppDelegate.swift */; };
		5BFA0B8F2093A11500BDDD71 /* ViewController.swift in Sources */ = {isa = PBXBuildFile; fileRef = 5BFA0B8E2093A11500BDDD71 /* ViewController.swift */; };
		5BFA0B922093A11500BDDD71 /* Main.storyboard in Resources */ = {isa = PBXBuildFile; fileRef = 5BFA0B902093A11500BDDD71 /* Main.storyboard */; };
		5BFA0B942093A11600BDDD71 /* Assets.xcassets in Resources */ = {isa = PBXBuildFile; fileRef = 5BFA0B932093A11600BDDD71 /* Assets.xcassets */; };
		5BFA0B972093A11600BDDD71 /* LaunchScreen.storyboard in Resources */ = {isa = PBXBuildFile; fileRef = 5BFA0B952093A11600BDDD71 /* LaunchScreen.storyboard */; };
		5BFA0BA22093A11600BDDD71 /* animatedTransitionsTests.swift in Sources */ = {isa = PBXBuildFile; fileRef = 5BFA0BA12093A11600BDDD71 /* animatedTransitionsTests.swift */; };
		5BFA0BAD2093A11600BDDD71 /* animatedTransitionsUITests.swift in Sources */ = {isa = PBXBuildFile; fileRef = 5BFA0BAC2093A11600BDDD71 /* animatedTransitionsUITests.swift */; };
/* End PBXBuildFile section */

/* Begin PBXContainerItemProxy section */
		5BFA0B9E2093A11600BDDD71 /* PBXContainerItemProxy */ = {
			isa = PBXContainerItemProxy;
			containerPortal = 5BFA0B812093A11500BDDD71 /* Project object */;
			proxyType = 1;
			remoteGlobalIDString = 5BFA0B882093A11500BDDD71;
			remoteInfo = animatedTransitions;
		};
		5BFA0BA92093A11600BDDD71 /* PBXContainerItemProxy */ = {
			isa = PBXContainerItemProxy;
			containerPortal = 5BFA0B812093A11500BDDD71 /* Project object */;
			proxyType = 1;
			remoteGlobalIDString = 5BFA0B882093A11500BDDD71;
			remoteInfo = animatedTransitions;
		};
/* End PBXContainerItemProxy section */

/* Begin PBXFileReference section */
		5B61F0282094CD9900EA151C /* PropertyStoring.swift */ = {isa = PBXFileReference; lastKnownFileType = sourcecode.swift; path = PropertyStoring.swift; sourceTree = "<group>"; };
		5BFA0B892093A11500BDDD71 /* animatedTransitions.app */ = {isa = PBXFileReference; explicitFileType = wrapper.application; includeInIndex = 0; path = animatedTransitions.app; sourceTree = BUILT_PRODUCTS_DIR; };
		5BFA0B8C2093A11500BDDD71 /* AppDelegate.swift */ = {isa = PBXFileReference; lastKnownFileType = sourcecode.swift; path = AppDelegate.swift; sourceTree = "<group>"; };
		5BFA0B8E2093A11500BDDD71 /* ViewController.swift */ = {isa = PBXFileReference; lastKnownFileType = sourcecode.swift; path = ViewController.swift; sourceTree = "<group>"; };
		5BFA0B912093A11500BDDD71 /* Base */ = {isa = PBXFileReference; lastKnownFileType = file.storyboard; name = Base; path = Base.lproj/Main.storyboard; sourceTree = "<group>"; };
		5BFA0B932093A11600BDDD71 /* Assets.xcassets */ = {isa = PBXFileReference; lastKnownFileType = folder.assetcatalog; path = Assets.xcassets; sourceTree = "<group>"; };
		5BFA0B962093A11600BDDD71 /* Base */ = {isa = PBXFileReference; lastKnownFileType = file.storyboard; name = Base; path = Base.lproj/LaunchScreen.storyboard; sourceTree = "<group>"; };
		5BFA0B982093A11600BDDD71 /* Info.plist */ = {isa = PBXFileReference; lastKnownFileType = text.plist.xml; path = Info.plist; sourceTree = "<group>"; };
		5BFA0B9D2093A11600BDDD71 /* animatedTransitionsTests.xctest */ = {isa = PBXFileReference; explicitFileType = wrapper.cfbundle; includeInIndex = 0; path = animatedTransitionsTests.xctest; sourceTree = BUILT_PRODUCTS_DIR; };
		5BFA0BA12093A11600BDDD71 /* animatedTransitionsTests.swift */ = {isa = PBXFileReference; lastKnownFileType = sourcecode.swift; path = animatedTransitionsTests.swift; sourceTree = "<group>"; };
		5BFA0BA32093A11600BDDD71 /* Info.plist */ = {isa = PBXFileReference; lastKnownFileType = text.plist.xml; path = Info.plist; sourceTree = "<group>"; };
		5BFA0BA82093A11600BDDD71 /* animatedTransitionsUITests.xctest */ = {isa = PBXFileReference; explicitFileType = wrapper.cfbundle; includeInIndex = 0; path = animatedTransitionsUITests.xctest; sourceTree = BUILT_PRODUCTS_DIR; };
		5BFA0BAC2093A11600BDDD71 /* animatedTransitionsUITests.swift */ = {isa = PBXFileReference; lastKnownFileType = sourcecode.swift; path = animatedTransitionsUITests.swift; sourceTree = "<group>"; };
		5BFA0BAE2093A11600BDDD71 /* Info.plist */ = {isa = PBXFileReference; lastKnownFileType = text.plist.xml; path = Info.plist; sourceTree = "<group>"; };
/* End PBXFileReference section */

/* Begin PBXFrameworksBuildPhase section */
		5BFA0B862093A11500BDDD71 /* Frameworks */ = {
			isa = PBXFrameworksBuildPhase;
			buildActionMask = 2147483647;
			files = (
			);
			runOnlyForDeploymentPostprocessing = 0;
		};
		5BFA0B9A2093A11600BDDD71 /* Frameworks */ = {
			isa = PBXFrameworksBuildPhase;
			buildActionMask = 2147483647;
			files = (
			);
			runOnlyForDeploymentPostprocessing = 0;
		};
		5BFA0BA52093A11600BDDD71 /* Frameworks */ = {
			isa = PBXFrameworksBuildPhase;
			buildActionMask = 2147483647;
			files = (
			);
			runOnlyForDeploymentPostprocessing = 0;
		};
/* End PBXFrameworksBuildPhase section */

/* Begin PBXGroup section */
		5BFA0B802093A11500BDDD71 = {
			isa = PBXGroup;
			children = (
				5BFA0B8B2093A11500BDDD71 /* animatedTransitions */,
				5BFA0BA02093A11600BDDD71 /* animatedTransitionsTests */,
				5BFA0BAB2093A11600BDDD71 /* animatedTransitionsUITests */,
				5BFA0B8A2093A11500BDDD71 /* Products */,
			);
			sourceTree = "<group>";
		};
		5BFA0B8A2093A11500BDDD71 /* Products */ = {
			isa = PBXGroup;
			children = (
				5BFA0B892093A11500BDDD71 /* animatedTransitions.app */,
				5BFA0B9D2093A11600BDDD71 /* animatedTransitionsTests.xctest */,
				5BFA0BA82093A11600BDDD71 /* animatedTransitionsUITests.xctest */,
			);
			name = Products;
			sourceTree = "<group>";
		};
		5BFA0B8B2093A11500BDDD71 /* animatedTransitions */ = {
			isa = PBXGroup;
			children = (
				5BFA0B8C2093A11500BDDD71 /* AppDelegate.swift */,
				5BFA0B8E2093A11500BDDD71 /* ViewController.swift */,
				5B61F0282094CD9900EA151C /* PropertyStoring.swift */,
				5BFA0B902093A11500BDDD71 /* Main.storyboard */,
				5BFA0B932093A11600BDDD71 /* Assets.xcassets */,
				5BFA0B952093A11600BDDD71 /* LaunchScreen.storyboard */,
				5BFA0B982093A11600BDDD71 /* Info.plist */,
			);
			path = animatedTransitions;
			sourceTree = "<group>";
		};
		5BFA0BA02093A11600BDDD71 /* animatedTransitionsTests */ = {
			isa = PBXGroup;
			children = (
				5BFA0BA12093A11600BDDD71 /* animatedTransitionsTests.swift */,
				5BFA0BA32093A11600BDDD71 /* Info.plist */,
			);
			path = animatedTransitionsTests;
			sourceTree = "<group>";
		};
		5BFA0BAB2093A11600BDDD71 /* animatedTransitionsUITests */ = {
			isa = PBXGroup;
			children = (
				5BFA0BAC2093A11600BDDD71 /* animatedTransitionsUITests.swift */,
				5BFA0BAE2093A11600BDDD71 /* Info.plist */,
			);
			path = animatedTransitionsUITests;
			sourceTree = "<group>";
		};
/* End PBXGroup section */

/* Begin PBXNativeTarget section */
		5BFA0B882093A11500BDDD71 /* animatedTransitions */ = {
			isa = PBXNativeTarget;
			buildConfigurationList = 5BFA0BB12093A11600BDDD71 /* Build configuration list for PBXNativeTarget "animatedTransitions" */;
			buildPhases = (
				5BFA0B852093A11500BDDD71 /* Sources */,
				5BFA0B862093A11500BDDD71 /* Frameworks */,
				5BFA0B872093A11500BDDD71 /* Resources */,
			);
			buildRules = (
			);
			dependencies = (
			);
			name = animatedTransitions;
			productName = animatedTransitions;
			productReference = 5BFA0B892093A11500BDDD71 /* animatedTransitions.app */;
			productType = "com.apple.product-type.application";
		};
		5BFA0B9C2093A11600BDDD71 /* animatedTransitionsTests */ = {
			isa = PBXNativeTarget;
			buildConfigurationList = 5BFA0BB42093A11600BDDD71 /* Build configuration list for PBXNativeTarget "animatedTransitionsTests" */;
			buildPhases = (
				5BFA0B992093A11600BDDD71 /* Sources */,
				5BFA0B9A2093A11600BDDD71 /* Frameworks */,
				5BFA0B9B2093A11600BDDD71 /* Resources */,
			);
			buildRules = (
			);
			dependencies = (
				5BFA0B9F2093A11600BDDD71 /* PBXTargetDependency */,
			);
			name = animatedTransitionsTests;
			productName = animatedTransitionsTests;
			productReference = 5BFA0B9D2093A11600BDDD71 /* animatedTransitionsTests.xctest */;
			productType = "com.apple.product-type.bundle.unit-test";
		};
		5BFA0BA72093A11600BDDD71 /* animatedTransitionsUITests */ = {
			isa = PBXNativeTarget;
			buildConfigurationList = 5BFA0BB72093A11600BDDD71 /* Build configuration list for PBXNativeTarget "animatedTransitionsUITests" */;
			buildPhases = (
				5BFA0BA42093A11600BDDD71 /* Sources */,
				5BFA0BA52093A11600BDDD71 /* Frameworks */,
				5BFA0BA62093A11600BDDD71 /* Resources */,
			);
			buildRules = (
			);
			dependencies = (
				5BFA0BAA2093A11600BDDD71 /* PBXTargetDependency */,
			);
			name = animatedTransitionsUITests;
			productName = animatedTransitionsUITests;
			productReference = 5BFA0BA82093A11600BDDD71 /* animatedTransitionsUITests.xctest */;
			productType = "com.apple.product-type.bundle.ui-testing";
		};
/* End PBXNativeTarget section */

/* Begin PBXProject section */
		5BFA0B812093A11500BDDD71 /* Project object */ = {
			isa = PBXProject;
			attributes = {
				LastSwiftUpdateCheck = 0930;
				LastUpgradeCheck = 0930;
				ORGANIZATIONNAME = "Greg Szydlo";
				TargetAttributes = {
					5BFA0B882093A11500BDDD71 = {
						CreatedOnToolsVersion = 9.3;
					};
					5BFA0B9C2093A11600BDDD71 = {
						CreatedOnToolsVersion = 9.3;
						TestTargetID = 5BFA0B882093A11500BDDD71;
					};
					5BFA0BA72093A11600BDDD71 = {
						CreatedOnToolsVersion = 9.3;
						TestTargetID = 5BFA0B882093A11500BDDD71;
					};
				};
			};
			buildConfigurationList = 5BFA0B842093A11500BDDD71 /* Build configuration list for PBXProject "animatedTransitions" */;
			compatibilityVersion = "Xcode 9.3";
			developmentRegion = en;
			hasScannedForEncodings = 0;
			knownRegions = (
				en,
				Base,
			);
			mainGroup = 5BFA0B802093A11500BDDD71;
			productRefGroup = 5BFA0B8A2093A11500BDDD71 /* Products */;
			projectDirPath = "";
			projectRoot = "";
			targets = (
				5BFA0B882093A11500BDDD71 /* animatedTransitions */,
				5BFA0B9C2093A11600BDDD71 /* animatedTransitionsTests */,
				5BFA0BA72093A11600BDDD71 /* animatedTransitionsUITests */,
			);
		};
/* End PBXProject section */

/* Begin PBXResourcesBuildPhase section */
		5BFA0B872093A11500BDDD71 /* Resources */ = {
			isa = PBXResourcesBuildPhase;
			buildActionMask = 2147483647;
			files = (
				5BFA0B972093A11600BDDD71 /* LaunchScreen.storyboard in Resources */,
				5BFA0B942093A11600BDDD71 /* Assets.xcassets in Resources */,
				5BFA0B922093A11500BDDD71 /* Main.storyboard in Resources */,
			);
			runOnlyForDeploymentPostprocessing = 0;
		};
		5BFA0B9B2093A11600BDDD71 /* Resources */ = {
			isa = PBXResourcesBuildPhase;
			buildActionMask = 2147483647;
			files = (
			);
			runOnlyForDeploymentPostprocessing = 0;
		};
		5BFA0BA62093A11600BDDD71 /* Resources */ = {
			isa = PBXResourcesBuildPhase;
			buildActionMask = 2147483647;
			files = (
			);
			runOnlyForDeploymentPostprocessing = 0;
		};
/* End PBXResourcesBuildPhase section */

/* Begin PBXSourcesBuildPhase section */
		5BFA0B852093A11500BDDD71 /* Sources */ = {
			isa = PBXSourcesBuildPhase;
			buildActionMask = 2147483647;
			files = (
				5BFA0B8F2093A11500BDDD71 /* ViewController.swift in Sources */,
				5BFA0B8D2093A11500BDDD71 /* AppDelegate.swift in Sources */,
				5B61F0292094CD9900EA151C /* PropertyStoring.swift in Sources */,
			);
			runOnlyForDeploymentPostprocessing = 0;
		};
		5BFA0B992093A11600BDDD71 /* Sources */ = {
			isa = PBXSourcesBuildPhase;
			buildActionMask = 2147483647;
			files = (
				5BFA0BA22093A11600BDDD71 /* animatedTransitionsTests.swift in Sources */,
			);
			runOnlyForDeploymentPostprocessing = 0;
		};
		5BFA0BA42093A11600BDDD71 /* Sources */ = {
			isa = PBXSourcesBuildPhase;
			buildActionMask = 2147483647;
			files = (
				5BFA0BAD2093A11600BDDD71 /* animatedTransitionsUITests.swift in Sources */,
			);
			runOnlyForDeploymentPostprocessing = 0;
		};
/* End PBXSourcesBuildPhase section */

/* Begin PBXTargetDependency section */
		5BFA0B9F2093A11600BDDD71 /* PBXTargetDependency */ = {
			isa = PBXTargetDependency;
			target = 5BFA0B882093A11500BDDD71 /* animatedTransitions */;
			targetProxy = 5BFA0B9E2093A11600BDDD71 /* PBXContainerItemProxy */;
		};
		5BFA0BAA2093A11600BDDD71 /* PBXTargetDependency */ = {
			isa = PBXTargetDependency;
			target = 5BFA0B882093A11500BDDD71 /* animatedTransitions */;
			targetProxy = 5BFA0BA92093A11600BDDD71 /* PBXContainerItemProxy */;
		};
/* End PBXTargetDependency section */

/* Begin PBXVariantGroup section */
		5BFA0B902093A11500BDDD71 /* Main.storyboard */ = {
			isa = PBXVariantGroup;
			children = (
				5BFA0B912093A11500BDDD71 /* Base */,
			);
			name = Main.storyboard;
			sourceTree = "<group>";
		};
		5BFA0B952093A11600BDDD71 /* LaunchScreen.storyboard */ = {
			isa = PBXVariantGroup;
			children = (
				5BFA0B962093A11600BDDD71 /* Base */,
			);
			name = LaunchScreen.storyboard;
			sourceTree = "<group>";
		};
/* End PBXVariantGroup section */

/* Begin XCBuildConfiguration section */
		5BFA0BAF2093A11600BDDD71 /* Debug */ = {
			isa = XCBuildConfiguration;
			buildSettings = {
				ALWAYS_SEARCH_USER_PATHS = NO;
				CLANG_ANALYZER_NONNULL = YES;
				CLANG_ANALYZER_NUMBER_OBJECT_CONVERSION = YES_AGGRESSIVE;
				CLANG_CXX_LANGUAGE_STANDARD = "gnu++14";
				CLANG_CXX_LIBRARY = "libc++";
				CLANG_ENABLE_MODULES = YES;
				CLANG_ENABLE_OBJC_ARC = YES;
				CLANG_ENABLE_OBJC_WEAK = YES;
				CLANG_WARN_BLOCK_CAPTURE_AUTORELEASING = YES;
				CLANG_WARN_BOOL_CONVERSION = YES;
				CLANG_WARN_COMMA = YES;
				CLANG_WARN_CONSTANT_CONVERSION = YES;
				CLANG_WARN_DEPRECATED_OBJC_IMPLEMENTATIONS = YES;
				CLANG_WARN_DIRECT_OBJC_ISA_USAGE = YES_ERROR;
				CLANG_WARN_DOCUMENTATION_COMMENTS = YES;
				CLANG_WARN_EMPTY_BODY = YES;
				CLANG_WARN_ENUM_CONVERSION = YES;
				CLANG_WARN_INFINITE_RECURSION = YES;
				CLANG_WARN_INT_CONVERSION = YES;
				CLANG_WARN_NON_LITERAL_NULL_CONVERSION = YES;
				CLANG_WARN_OBJC_IMPLICIT_RETAIN_SELF = YES;
				CLANG_WARN_OBJC_LITERAL_CONVERSION = YES;
				CLANG_WARN_OBJC_ROOT_CLASS = YES_ERROR;
				CLANG_WARN_RANGE_LOOP_ANALYSIS = YES;
				CLANG_WARN_STRICT_PROTOTYPES = YES;
				CLANG_WARN_SUSPICIOUS_MOVE = YES;
				CLANG_WARN_UNGUARDED_AVAILABILITY = YES_AGGRESSIVE;
				CLANG_WARN_UNREACHABLE_CODE = YES;
				CLANG_WARN__DUPLICATE_METHOD_MATCH = YES;
				CODE_SIGN_IDENTITY = "iPhone Developer";
				COPY_PHASE_STRIP = NO;
				DEBUG_INFORMATION_FORMAT = dwarf;
				ENABLE_STRICT_OBJC_MSGSEND = YES;
				ENABLE_TESTABILITY = YES;
				GCC_C_LANGUAGE_STANDARD = gnu11;
				GCC_DYNAMIC_NO_PIC = NO;
				GCC_NO_COMMON_BLOCKS = YES;
				GCC_OPTIMIZATION_LEVEL = 0;
				GCC_PREPROCESSOR_DEFINITIONS = (
					"DEBUG=1",
					"$(inherited)",
				);
				GCC_WARN_64_TO_32_BIT_CONVERSION = YES;
				GCC_WARN_ABOUT_RETURN_TYPE = YES_ERROR;
				GCC_WARN_UNDECLARED_SELECTOR = YES;
				GCC_WARN_UNINITIALIZED_AUTOS = YES_AGGRESSIVE;
				GCC_WARN_UNUSED_FUNCTION = YES;
				GCC_WARN_UNUSED_VARIABLE = YES;
				IPHONEOS_DEPLOYMENT_TARGET = 11.3;
				MTL_ENABLE_DEBUG_INFO = YES;
				ONLY_ACTIVE_ARCH = YES;
				SDKROOT = iphoneos;
				SWIFT_ACTIVE_COMPILATION_CONDITIONS = DEBUG;
				SWIFT_OPTIMIZATION_LEVEL = "-Onone";
			};
			name = Debug;
		};
		5BFA0BB02093A11600BDDD71 /* Release */ = {
			isa = XCBuildConfiguration;
			buildSettings = {
				ALWAYS_SEARCH_USER_PATHS = NO;
				CLANG_ANALYZER_NONNULL = YES;
				CLANG_ANALYZER_NUMBER_OBJECT_CONVERSION = YES_AGGRESSIVE;
				CLANG_CXX_LANGUAGE_STANDARD = "gnu++14";
				CLANG_CXX_LIBRARY = "libc++";
				CLANG_ENABLE_MODULES = YES;
				CLANG_ENABLE_OBJC_ARC = YES;
				CLANG_ENABLE_OBJC_WEAK = YES;
				CLANG_WARN_BLOCK_CAPTURE_AUTORELEASING = YES;
				CLANG_WARN_BOOL_CONVERSION = YES;
				CLANG_WARN_COMMA = YES;
				CLANG_WARN_CONSTANT_CONVERSION = YES;
				CLANG_WARN_DEPRECATED_OBJC_IMPLEMENTATIONS = YES;
				CLANG_WARN_DIRECT_OBJC_ISA_USAGE = YES_ERROR;
				CLANG_WARN_DOCUMENTATION_COMMENTS = YES;
				CLANG_WARN_EMPTY_BODY = YES;
				CLANG_WARN_ENUM_CONVERSION = YES;
				CLANG_WARN_INFINITE_RECURSION = YES;
				CLANG_WARN_INT_CONVERSION = YES;
				CLANG_WARN_NON_LITERAL_NULL_CONVERSION = YES;
				CLANG_WARN_OBJC_IMPLICIT_RETAIN_SELF = YES;
				CLANG_WARN_OBJC_LITERAL_CONVERSION = YES;
				CLANG_WARN_OBJC_ROOT_CLASS = YES_ERROR;
				CLANG_WARN_RANGE_LOOP_ANALYSIS = YES;
				CLANG_WARN_STRICT_PROTOTYPES = YES;
				CLANG_WARN_SUSPICIOUS_MOVE = YES;
				CLANG_WARN_UNGUARDED_AVAILABILITY = YES_AGGRESSIVE;
				CLANG_WARN_UNREACHABLE_CODE = YES;
				CLANG_WARN__DUPLICATE_METHOD_MATCH = YES;
				CODE_SIGN_IDENTITY = "iPhone Developer";
				COPY_PHASE_STRIP = NO;
				DEBUG_INFORMATION_FORMAT = "dwarf-with-dsym";
				ENABLE_NS_ASSERTIONS = NO;
				ENABLE_STRICT_OBJC_MSGSEND = YES;
				GCC_C_LANGUAGE_STANDARD = gnu11;
				GCC_NO_COMMON_BLOCKS = YES;
				GCC_WARN_64_TO_32_BIT_CONVERSION = YES;
				GCC_WARN_ABOUT_RETURN_TYPE = YES_ERROR;
				GCC_WARN_UNDECLARED_SELECTOR = YES;
				GCC_WARN_UNINITIALIZED_AUTOS = YES_AGGRESSIVE;
				GCC_WARN_UNUSED_FUNCTION = YES;
				GCC_WARN_UNUSED_VARIABLE = YES;
				IPHONEOS_DEPLOYMENT_TARGET = 11.3;
				MTL_ENABLE_DEBUG_INFO = NO;
				SDKROOT = iphoneos;
				SWIFT_COMPILATION_MODE = wholemodule;
				SWIFT_OPTIMIZATION_LEVEL = "-O";
				VALIDATE_PRODUCT = YES;
			};
			name = Release;
		};
		5BFA0BB22093A11600BDDD71 /* Debug */ = {
			isa = XCBuildConfiguration;
			buildSettings = {
				ASSETCATALOG_COMPILER_APPICON_NAME = AppIcon;
				CODE_SIGN_STYLE = Automatic;
				DEVELOPMENT_TEAM = T357ELRV94;
				INFOPLIST_FILE = animatedTransitions/Info.plist;
				LD_RUNPATH_SEARCH_PATHS = (
					"$(inherited)",
					"@executable_path/Frameworks",
				);
				PRODUCT_BUNDLE_IDENTIFIER = com.apparmory.animatedTransitions;
				PRODUCT_NAME = "$(TARGET_NAME)";
				SWIFT_VERSION = 4.0;
				TARGETED_DEVICE_FAMILY = "1,2";
			};
			name = Debug;
		};
		5BFA0BB32093A11600BDDD71 /* Release */ = {
			isa = XCBuildConfiguration;
			buildSettings = {
				ASSETCATALOG_COMPILER_APPICON_NAME = AppIcon;
				CODE_SIGN_STYLE = Automatic;
				DEVELOPMENT_TEAM = T357ELRV94;
				INFOPLIST_FILE = animatedTransitions/Info.plist;
				LD_RUNPATH_SEARCH_PATHS = (
					"$(inherited)",
					"@executable_path/Frameworks",
				);
				PRODUCT_BUNDLE_IDENTIFIER = com.apparmory.animatedTransitions;
				PRODUCT_NAME = "$(TARGET_NAME)";
				SWIFT_VERSION = 4.0;
				TARGETED_DEVICE_FAMILY = "1,2";
			};
			name = Release;
		};
		5BFA0BB52093A11600BDDD71 /* Debug */ = {
			isa = XCBuildConfiguration;
			buildSettings = {
				ALWAYS_EMBED_SWIFT_STANDARD_LIBRARIES = YES;
				BUNDLE_LOADER = "$(TEST_HOST)";
				CODE_SIGN_STYLE = Automatic;
				DEVELOPMENT_TEAM = T357ELRV94;
				INFOPLIST_FILE = animatedTransitionsTests/Info.plist;
				LD_RUNPATH_SEARCH_PATHS = (
					"$(inherited)",
					"@executable_path/Frameworks",
					"@loader_path/Frameworks",
				);
				PRODUCT_BUNDLE_IDENTIFIER = com.apparmory.animatedTransitionsTests;
				PRODUCT_NAME = "$(TARGET_NAME)";
				SWIFT_VERSION = 4.0;
				TARGETED_DEVICE_FAMILY = "1,2";
				TEST_HOST = "$(BUILT_PRODUCTS_DIR)/animatedTransitions.app/animatedTransitions";
			};
			name = Debug;
		};
		5BFA0BB62093A11600BDDD71 /* Release */ = {
			isa = XCBuildConfiguration;
			buildSettings = {
				ALWAYS_EMBED_SWIFT_STANDARD_LIBRARIES = YES;
				BUNDLE_LOADER = "$(TEST_HOST)";
				CODE_SIGN_STYLE = Automatic;
				DEVELOPMENT_TEAM = T357ELRV94;
				INFOPLIST_FILE = animatedTransitionsTests/Info.plist;
				LD_RUNPATH_SEARCH_PATHS = (
					"$(inherited)",
					"@executable_path/Frameworks",
					"@loader_path/Frameworks",
				);
				PRODUCT_BUNDLE_IDENTIFIER = com.apparmory.animatedTransitionsTests;
				PRODUCT_NAME = "$(TARGET_NAME)";
				SWIFT_VERSION = 4.0;
				TARGETED_DEVICE_FAMILY = "1,2";
				TEST_HOST = "$(BUILT_PRODUCTS_DIR)/animatedTransitions.app/animatedTransitions";
			};
			name = Release;
		};
		5BFA0BB82093A11600BDDD71 /* Debug */ = {
			isa = XCBuildConfiguration;
			buildSettings = {
				ALWAYS_EMBED_SWIFT_STANDARD_LIBRARIES = YES;
				CODE_SIGN_STYLE = Automatic;
				DEVELOPMENT_TEAM = T357ELRV94;
				INFOPLIST_FILE = animatedTransitionsUITests/Info.plist;
				LD_RUNPATH_SEARCH_PATHS = (
					"$(inherited)",
					"@executable_path/Frameworks",
					"@loader_path/Frameworks",
				);
				PRODUCT_BUNDLE_IDENTIFIER = com.apparmory.animatedTransitionsUITests;
				PRODUCT_NAME = "$(TARGET_NAME)";
				SWIFT_VERSION = 4.0;
				TARGETED_DEVICE_FAMILY = "1,2";
				TEST_TARGET_NAME = animatedTransitions;
			};
			name = Debug;
		};
		5BFA0BB92093A11600BDDD71 /* Release */ = {
			isa = XCBuildConfiguration;
			buildSettings = {
				ALWAYS_EMBED_SWIFT_STANDARD_LIBRARIES = YES;
				CODE_SIGN_STYLE = Automatic;
				DEVELOPMENT_TEAM = T357ELRV94;
				INFOPLIST_FILE = animatedTransitionsUITests/Info.plist;
				LD_RUNPATH_SEARCH_PATHS = (
					"$(inherited)",
					"@executable_path/Frameworks",
					"@loader_path/Frameworks",
				);
				PRODUCT_BUNDLE_IDENTIFIER = com.apparmory.animatedTransitionsUITests;
				PRODUCT_NAME = "$(TARGET_NAME)";
				SWIFT_VERSION = 4.0;
				TARGETED_DEVICE_FAMILY = "1,2";
				TEST_TARGET_NAME = animatedTransitions;
			};
			name = Release;
		};
/* End XCBuildConfiguration section */

/* Begin XCConfigurationList section */
		5BFA0B842093A11500BDDD71 /* Build configuration list for PBXProject "animatedTransitions" */ = {
			isa = XCConfigurationList;
			buildConfigurations = (
				5BFA0BAF2093A11600BDDD71 /* Debug */,
				5BFA0BB02093A11600BDDD71 /* Release */,
			);
			defaultConfigurationIsVisible = 0;
			defaultConfigurationName = Release;
		};
		5BFA0BB12093A11600BDDD71 /* Build configuration list for PBXNativeTarget "animatedTransitions" */ = {
			isa = XCConfigurationList;
			buildConfigurations = (
				5BFA0BB22093A11600BDDD71 /* Debug */,
				5BFA0BB32093A11600BDDD71 /* Release */,
			);
			defaultConfigurationIsVisible = 0;
			defaultConfigurationName = Release;
		};
		5BFA0BB42093A11600BDDD71 /* Build configuration list for PBXNativeTarget "animatedTransitionsTests" */ = {
			isa = XCConfigurationList;
			buildConfigurations = (
				5BFA0BB52093A11600BDDD71 /* Debug */,
				5BFA0BB62093A11600BDDD71 /* Release */,
			);
			defaultConfigurationIsVisible = 0;
			defaultConfigurationName = Release;
		};
		5BFA0BB72093A11600BDDD71 /* Build configuration list for PBXNativeTarget "animatedTransitionsUITests" */ = {
			isa = XCConfigurationList;
			buildConfigurations = (
				5BFA0BB82093A11600BDDD71 /* Debug */,
				5BFA0BB92093A11600BDDD71 /* Release */,
			);
			defaultConfigurationIsVisible = 0;
			defaultConfigurationName = Release;
		};
/* End XCConfigurationList section */
	};
	rootObject = 5BFA0B812093A11500BDDD71 /* Project object */;
}
